
Microsoft Visual Studio Solution File, Format Version 12.00
# Visual Studio 2013
VisualStudioVersion = 12.0.30723.0
MinimumVisualStudioVersion = 10.0.40219.1
Project("{2150E333-8FDC-42A3-9474-1A3956D46DE8}") = "SharedApp", "SharedApp", "{70BBAB51-BE93-4CA3-8D98-32C9F39E0140}"
EndProject
Project("{D954291E-2A0B-460D-934E-DC6B0785DB48}") = "ConferenceApp.Shared", "ConferenceApp\ConferenceApp.Shared\ConferenceApp.Shared.shproj", "{02B613C1-B3F6-41A7-B248-60B8860C6734}"
EndProject
Project("{262852C6-CD72-467D-83FE-5EEB1973A190}") = "ConferenceApp.Windows", "ConferenceApp\ConferenceApp.Windows\ConferenceApp.Windows.jsproj", "{4BCA1C64-5E0E-420F-A99B-849592212E5E}"
EndProject
Project("{262852C6-CD72-467D-83FE-5EEB1973A190}") = "ConferenceApp.WindowsPhone", "ConferenceApp\ConferenceApp.WindowsPhone\ConferenceApp.WindowsPhone.jsproj", "{E3F524A3-F088-448A-A7C1-AA4D8F11066B}"
EndProject
Global
	GlobalSection(SharedMSBuildProjectFiles) = preSolution
		ConferenceApp\ConferenceApp.Shared\ConferenceApp.Shared.projitems*{4bca1c64-5e0e-420f-a99b-849592212e5e}*SharedItemsImports = 5
		ConferenceApp\ConferenceApp.Shared\ConferenceApp.Shared.projitems*{e3f524a3-f088-448a-a7c1-aa4d8f11066b}*SharedItemsImports = 5
		ConferenceApp\ConferenceApp.Shared\ConferenceApp.Shared.projitems*{02b613c1-b3f6-41a7-b248-60b8860c6734}*SharedItemsImports = 13
	EndGlobalSection
	GlobalSection(SolutionConfigurationPlatforms) = preSolution
		Debug|Any CPU = Debug|Any CPU
		Debug|ARM = Debug|ARM
		Debug|x64 = Debug|x64
		Debug|x86 = Debug|x86
		Release|Any CPU = Release|Any CPU
		Release|ARM = Release|ARM
		Release|x64 = Release|x64
		Release|x86 = Release|x86
	EndGlobalSection
	GlobalSection(ProjectConfigurationPlatforms) = postSolution
		{4BCA1C64-5E0E-420F-A99B-849592212E5E}.Debug|Any CPU.ActiveCfg = Debug|Any CPU
		{4BCA1C64-5E0E-420F-A99B-849592212E5E}.Debug|Any CPU.Build.0 = Debug|Any CPU
		{4BCA1C64-5E0E-420F-A99B-849592212E5E}.Debug|Any CPU.Deploy.0 = Debug|Any CPU
		{4BCA1C64-5E0E-420F-A99B-849592212E5E}.Debug|ARM.ActiveCfg = Debug|ARM
		{4BCA1C64-5E0E-420F-A99B-849592212E5E}.Debug|ARM.Build.0 = Debug|ARM
		{4BCA1C64-5E0E-420F-A99B-849592212E5E}.Debug|ARM.Deploy.0 = Debug|ARM
		{4BCA1C64-5E0E-420F-A99B-849592212E5E}.Debug|x64.ActiveCfg = Debug|x64
		{4BCA1C64-5E0E-420F-A99B-849592212E5E}.Debug|x64.Build.0 = Debug|x64
		{4BCA1C64-5E0E-420F-A99B-849592212E5E}.Debug|x64.Deploy.0 = Debug|x64
		{4BCA1C64-5E0E-420F-A99B-849592212E5E}.Debug|x86.ActiveCfg = Debug|x86
		{4BCA1C64-5E0E-420F-A99B-849592212E5E}.Debug|x86.Build.0 = Debug|x86
		{4BCA1C64-5E0E-420F-A99B-849592212E5E}.Debug|x86.Deploy.0 = Debug|x86
		{4BCA1C64-5E0E-420F-A99B-849592212E5E}.Release|Any CPU.ActiveCfg = Release|Any CPU
		{4BCA1C64-5E0E-420F-A99B-849592212E5E}.Release|Any CPU.Build.0 = Release|Any CPU
		{4BCA1C64-5E0E-420F-A99B-849592212E5E}.Release|Any CPU.Deploy.0 = Release|Any CPU
		{4BCA1C64-5E0E-420F-A99B-849592212E5E}.Release|ARM.ActiveCfg = Release|ARM
		{4BCA1C64-5E0E-420F-A99B-849592212E5E}.Release|ARM.Build.0 = Release|ARM
		{4BCA1C64-5E0E-420F-A99B-849592212E5E}.Release|ARM.Deploy.0 = Release|ARM
		{4BCA1C64-5E0E-420F-A99B-849592212E5E}.Release|x64.ActiveCfg = Release|x64
		{4BCA1C64-5E0E-420F-A99B-849592212E5E}.Release|x64.Build.0 = Release|x64
		{4BCA1C64-5E0E-420F-A99B-849592212E5E}.Release|x64.Deploy.0 = Release|x64
		{4BCA1C64-5E0E-420F-A99B-849592212E5E}.Release|x86.ActiveCfg = Release|x86
		{4BCA1C64-5E0E-420F-A99B-849592212E5E}.Release|x86.Build.0 = Release|x86
		{4BCA1C64-5E0E-420F-A99B-849592212E5E}.Release|x86.Deploy.0 = Release|x86
		{E3F524A3-F088-448A-A7C1-AA4D8F11066B}.Debug|Any CPU.ActiveCfg = Debug|Any CPU
		{E3F524A3-F088-448A-A7C1-AA4D8F11066B}.Debug|Any CPU.Build.0 = Debug|Any CPU
		{E3F524A3-F088-448A-A7C1-AA4D8F11066B}.Debug|Any CPU.Deploy.0 = Debug|Any CPU
		{E3F524A3-F088-448A-A7C1-AA4D8F11066B}.Debug|ARM.ActiveCfg = Debug|ARM
		{E3F524A3-F088-448A-A7C1-AA4D8F11066B}.Debug|ARM.Build.0 = Debug|ARM
		{E3F524A3-F088-448A-A7C1-AA4D8F11066B}.Debug|ARM.Deploy.0 = Debug|ARM
		{E3F524A3-F088-448A-A7C1-AA4D8F11066B}.Debug|x64.ActiveCfg = Debug|Any CPU
		{E3F524A3-F088-448A-A7C1-AA4D8F11066B}.Debug|x86.ActiveCfg = Debug|x86
		{E3F524A3-F088-448A-A7C1-AA4D8F11066B}.Debug|x86.Build.0 = Debug|x86
		{E3F524A3-F088-448A-A7C1-AA4D8F11066B}.Debug|x86.Deploy.0 = Debug|x86
		{E3F524A3-F088-448A-A7C1-AA4D8F11066B}.Release|Any CPU.ActiveCfg = Release|Any CPU
		{E3F524A3-F088-448A-A7C1-AA4D8F11066B}.Release|Any CPU.Build.0 = Release|Any CPU
		{E3F524A3-F088-448A-A7C1-AA4D8F11066B}.Release|Any CPU.Deploy.0 = Release|Any CPU
		{E3F524A3-F088-448A-A7C1-AA4D8F11066B}.Release|ARM.ActiveCfg = Release|ARM
		{E3F524A3-F088-448A-A7C1-AA4D8F11066B}.Release|ARM.Build.0 = Release|ARM
		{E3F524A3-F088-448A-A7C1-AA4D8F11066B}.Release|ARM.Deploy.0 = Release|ARM
		{E3F524A3-F088-448A-A7C1-AA4D8F11066B}.Release|x64.ActiveCfg = Release|Any CPU
		{E3F524A3-F088-448A-A7C1-AA4D8F11066B}.Release|x86.ActiveCfg = Release|x86
		{E3F524A3-F088-448A-A7C1-AA4D8F11066B}.Release|x86.Build.0 = Release|x86
		{E3F524A3-F088-448A-A7C1-AA4D8F11066B}.Release|x86.Deploy.0 = Release|x86
	EndGlobalSection
	GlobalSection(SolutionProperties) = preSolution
		HideSolutionNode = FALSE
	EndGlobalSection
	GlobalSection(NestedProjects) = preSolution
		{02B613C1-B3F6-41A7-B248-60B8860C6734} = {70BBAB51-BE93-4CA3-8D98-32C9F39E0140}
		{4BCA1C64-5E0E-420F-A99B-849592212E5E} = {70BBAB51-BE93-4CA3-8D98-32C9F39E0140}
		{E3F524A3-F088-448A-A7C1-AA4D8F11066B} = {70BBAB51-BE93-4CA3-8D98-32C9F39E0140}
	EndGlobalSection
EndGlobal
